
Microsoft Visual Studio Solution File, Format Version 12.00
# Visual Studio Version 16
VisualStudioVersion = 16.0.32630.194
MinimumVisualStudioVersion = 10.0.40219.1
Project("{FAE04EC0-301F-11D3-BF4B-00C04F79EFBC}") = "Modelo", "Modelo\Modelo.csproj", "{5D708733-CDDA-4DC8-A3D2-04DFA0243297}"
EndProject
Project("{FAE04EC0-301F-11D3-BF4B-00C04F79EFBC}") = "Presentador", "Presentador\Presentador.csproj", "{DC7C00C5-D5EA-4917-80A1-AEDA05A8D730}"
EndProject
Project("{FAE04EC0-301F-11D3-BF4B-00C04F79EFBC}") = "Vista", "Vista\Vista.csproj", "{75A3A6CE-08DD-47AE-A18F-4F22212B0E7D}"
EndProject
Global
	GlobalSection(SolutionConfigurationPlatforms) = preSolution
		Debug|Any CPU = Debug|Any CPU
		Release|Any CPU = Release|Any CPU
	EndGlobalSection
	GlobalSection(ProjectConfigurationPlatforms) = postSolution
		{5D708733-CDDA-4DC8-A3D2-04DFA0243297}.Debug|Any CPU.ActiveCfg = Debug|Any CPU
		{5D708733-CDDA-4DC8-A3D2-04DFA0243297}.Debug|Any CPU.Build.0 = Debug|Any CPU
		{5D708733-CDDA-4DC8-A3D2-04DFA0243297}.Release|Any CPU.ActiveCfg = Release|Any CPU
		{5D708733-CDDA-4DC8-A3D2-04DFA0243297}.Release|Any CPU.Build.0 = Release|Any CPU
		{DC7C00C5-D5EA-4917-80A1-AEDA05A8D730}.Debug|Any CPU.ActiveCfg = Debug|Any CPU
		{DC7C00C5-D5EA-4917-80A1-AEDA05A8D730}.Debug|Any CPU.Build.0 = Debug|Any CPU
		{DC7C00C5-D5EA-4917-80A1-AEDA05A8D730}.Release|Any CPU.ActiveCfg = Release|Any CPU
		{DC7C00C5-D5EA-4917-80A1-AEDA05A8D730}.Release|Any CPU.Build.0 = Release|Any CPU
		{75A3A6CE-08DD-47AE-A18F-4F22212B0E7D}.Debug|Any CPU.ActiveCfg = Debug|Any CPU
		{75A3A6CE-08DD-47AE-A18F-4F22212B0E7D}.Debug|Any CPU.Build.0 = Debug|Any CPU
		{75A3A6CE-08DD-47AE-A18F-4F22212B0E7D}.Release|Any CPU.ActiveCfg = Release|Any CPU
		{75A3A6CE-08DD-47AE-A18F-4F22212B0E7D}.Release|Any CPU.Build.0 = Release|Any CPU
	EndGlobalSection
	GlobalSection(SolutionProperties) = preSolution
		HideSolutionNode = FALSE
	EndGlobalSection
	GlobalSection(ExtensibilityGlobals) = postSolution
		SolutionGuid = {EA8414B1-D915-48CB-AB0A-20040FBDB0B8}
	EndGlobalSection
EndGlobal
