
Microsoft Visual Studio Solution File, Format Version 12.00
# Visual Studio Version 16
VisualStudioVersion = 16.0.30413.136
MinimumVisualStudioVersion = 10.0.40219.1
Project("{FAE04EC0-301F-11D3-BF4B-00C04F79EFBC}") = "CustomerMaintenance", "CustomerMaintenance\CustomerMaintenance.csproj", "{1ECBAD5F-D66F-476F-8CBE-C590B0064302}"
EndProject
Global
	GlobalSection(SolutionConfigurationPlatforms) = preSolution
		Debug|Any CPU = Debug|Any CPU
		Release|Any CPU = Release|Any CPU
	EndGlobalSection
	GlobalSection(ProjectConfigurationPlatforms) = postSolution
		{1ECBAD5F-D66F-476F-8CBE-C590B0064302}.Debug|Any CPU.ActiveCfg = Debug|Any CPU
		{1ECBAD5F-D66F-476F-8CBE-C590B0064302}.Debug|Any CPU.Build.0 = Debug|Any CPU
		{1ECBAD5F-D66F-476F-8CBE-C590B0064302}.Release|Any CPU.ActiveCfg = Release|Any CPU
		{1ECBAD5F-D66F-476F-8CBE-C590B0064302}.Release|Any CPU.Build.0 = Release|Any CPU
	EndGlobalSection
	GlobalSection(SolutionProperties) = preSolution
		HideSolutionNode = FALSE
	EndGlobalSection
	GlobalSection(ExtensibilityGlobals) = postSolution
		SolutionGuid = {127F4929-3BEB-401F-91A5-CAB0EEB420B5}
	EndGlobalSection
EndGlobal
