
Microsoft Visual Studio Solution File, Format Version 12.00
# Visual Studio Version 17
VisualStudioVersion = 17.3.32901.215
MinimumVisualStudioVersion = 10.0.40219.1
Project("{FAE04EC0-301F-11D3-BF4B-00C04F79EFBC}") = "GCWinforms", "GCWinforms\GCWinforms.csproj", "{36F97730-4D31-47B5-B452-689D5C50B226}"
EndProject
Project("{2150E333-8FDC-42A3-9474-1A3956D46DE8}") = "Elementos de la solución", "Elementos de la solución", "{8340A7E4-B0CF-4DCD-8AE4-27515AC0A41A}"
	ProjectSection(SolutionItems) = preProject
		README.md = README.md
	EndProjectSection
EndProject
Project("{FAE04EC0-301F-11D3-BF4B-00C04F79EFBC}") = "GCDataAccess", "GCDataAccess\GCDataAccess.csproj", "{AE5C3A5B-9E73-4486-A1AC-58DF96759B42}"
EndProject
Project("{FAE04EC0-301F-11D3-BF4B-00C04F79EFBC}") = "GCModels", "GCModels\GCModels.csproj", "{280CDA58-0EE5-42BF-9D25-6FCBB5536131}"
EndProject
Project("{FAE04EC0-301F-11D3-BF4B-00C04F79EFBC}") = "GCLogic", "GCLogic\GCLogic.csproj", "{DFA09210-9966-4D39-83F7-A0A0540B75F0}"
EndProject
Project("{2150E333-8FDC-42A3-9474-1A3956D46DE8}") = "Solution Items", "Solution Items", "{D1CE8AE2-4205-4F92-8840-68B35C99A9FB}"
	ProjectSection(SolutionItems) = preProject
		Layered.puml = Layered.puml
	EndProjectSection
EndProject
Global
	GlobalSection(SolutionConfigurationPlatforms) = preSolution
		Debug|Any CPU = Debug|Any CPU
		Release|Any CPU = Release|Any CPU
	EndGlobalSection
	GlobalSection(ProjectConfigurationPlatforms) = postSolution
		{36F97730-4D31-47B5-B452-689D5C50B226}.Debug|Any CPU.ActiveCfg = Debug|Any CPU
		{36F97730-4D31-47B5-B452-689D5C50B226}.Debug|Any CPU.Build.0 = Debug|Any CPU
		{36F97730-4D31-47B5-B452-689D5C50B226}.Release|Any CPU.ActiveCfg = Release|Any CPU
		{36F97730-4D31-47B5-B452-689D5C50B226}.Release|Any CPU.Build.0 = Release|Any CPU
		{AE5C3A5B-9E73-4486-A1AC-58DF96759B42}.Debug|Any CPU.ActiveCfg = Debug|Any CPU
		{AE5C3A5B-9E73-4486-A1AC-58DF96759B42}.Debug|Any CPU.Build.0 = Debug|Any CPU
		{AE5C3A5B-9E73-4486-A1AC-58DF96759B42}.Release|Any CPU.ActiveCfg = Release|Any CPU
		{AE5C3A5B-9E73-4486-A1AC-58DF96759B42}.Release|Any CPU.Build.0 = Release|Any CPU
		{280CDA58-0EE5-42BF-9D25-6FCBB5536131}.Debug|Any CPU.ActiveCfg = Debug|Any CPU
		{280CDA58-0EE5-42BF-9D25-6FCBB5536131}.Debug|Any CPU.Build.0 = Debug|Any CPU
		{280CDA58-0EE5-42BF-9D25-6FCBB5536131}.Release|Any CPU.ActiveCfg = Release|Any CPU
		{280CDA58-0EE5-42BF-9D25-6FCBB5536131}.Release|Any CPU.Build.0 = Release|Any CPU
		{DFA09210-9966-4D39-83F7-A0A0540B75F0}.Debug|Any CPU.ActiveCfg = Debug|Any CPU
		{DFA09210-9966-4D39-83F7-A0A0540B75F0}.Debug|Any CPU.Build.0 = Debug|Any CPU
		{DFA09210-9966-4D39-83F7-A0A0540B75F0}.Release|Any CPU.ActiveCfg = Release|Any CPU
		{DFA09210-9966-4D39-83F7-A0A0540B75F0}.Release|Any CPU.Build.0 = Release|Any CPU
	EndGlobalSection
	GlobalSection(SolutionProperties) = preSolution
		HideSolutionNode = FALSE
	EndGlobalSection
	GlobalSection(ExtensibilityGlobals) = postSolution
		SolutionGuid = {E1F0D296-EB37-40BB-B26A-77B54835F023}
	EndGlobalSection
EndGlobal
