
Microsoft Visual Studio Solution File, Format Version 12.00
# Visual Studio Version 16
VisualStudioVersion = 16.0.31321.278
MinimumVisualStudioVersion = 10.0.40219.1
Project("{9A19103F-16F7-4668-BE54-9A1E7A4F7556}") = "TournamentLibrary", "TournamentLibrary\TournamentLibrary.csproj", "{11398D75-2D8E-42F0-BCD4-CFB305D38114}"
EndProject
Project("{FAE04EC0-301F-11D3-BF4B-00C04F79EFBC}") = "TournamentUI", "TournamentUI\TournamentUI.csproj", "{CBBD091F-ED79-4DD9-8648-26173C7CF407}"
EndProject
Global
	GlobalSection(SolutionConfigurationPlatforms) = preSolution
		Debug|Any CPU = Debug|Any CPU
		Release|Any CPU = Release|Any CPU
	EndGlobalSection
	GlobalSection(ProjectConfigurationPlatforms) = postSolution
		{11398D75-2D8E-42F0-BCD4-CFB305D38114}.Debug|Any CPU.ActiveCfg = Debug|Any CPU
		{11398D75-2D8E-42F0-BCD4-CFB305D38114}.Debug|Any CPU.Build.0 = Debug|Any CPU
		{11398D75-2D8E-42F0-BCD4-CFB305D38114}.Release|Any CPU.ActiveCfg = Release|Any CPU
		{11398D75-2D8E-42F0-BCD4-CFB305D38114}.Release|Any CPU.Build.0 = Release|Any CPU
		{CBBD091F-ED79-4DD9-8648-26173C7CF407}.Debug|Any CPU.ActiveCfg = Debug|Any CPU
		{CBBD091F-ED79-4DD9-8648-26173C7CF407}.Debug|Any CPU.Build.0 = Debug|Any CPU
		{CBBD091F-ED79-4DD9-8648-26173C7CF407}.Release|Any CPU.ActiveCfg = Release|Any CPU
		{CBBD091F-ED79-4DD9-8648-26173C7CF407}.Release|Any CPU.Build.0 = Release|Any CPU
	EndGlobalSection
	GlobalSection(SolutionProperties) = preSolution
		HideSolutionNode = FALSE
	EndGlobalSection
	GlobalSection(ExtensibilityGlobals) = postSolution
		SolutionGuid = {F4A28E3A-EFBF-40EC-8098-24C6561882F2}
	EndGlobalSection
EndGlobal
