
Microsoft Visual Studio Solution File, Format Version 12.00
# Visual Studio Version 16
VisualStudioVersion = 16.0.31624.102
MinimumVisualStudioVersion = 10.0.40219.1
Project("{FAE04EC0-301F-11D3-BF4B-00C04F79EFBC}") = "Video03", "Video03.csproj", "{98E1F178-DF6A-468F-BE75-7F412EB7525B}"
EndProject
Global
	GlobalSection(SolutionConfigurationPlatforms) = preSolution
		Debug|Any CPU = Debug|Any CPU
		Release|Any CPU = Release|Any CPU
	EndGlobalSection
	GlobalSection(ProjectConfigurationPlatforms) = postSolution
		{98E1F178-DF6A-468F-BE75-7F412EB7525B}.Debug|Any CPU.ActiveCfg = Debug|Any CPU
		{98E1F178-DF6A-468F-BE75-7F412EB7525B}.Debug|Any CPU.Build.0 = Debug|Any CPU
		{98E1F178-DF6A-468F-BE75-7F412EB7525B}.Release|Any CPU.ActiveCfg = Release|Any CPU
		{98E1F178-DF6A-468F-BE75-7F412EB7525B}.Release|Any CPU.Build.0 = Release|Any CPU
	EndGlobalSection
	GlobalSection(SolutionProperties) = preSolution
		HideSolutionNode = FALSE
	EndGlobalSection
	GlobalSection(ExtensibilityGlobals) = postSolution
		SolutionGuid = {976A4344-927B-4CFE-B3E9-F54BB0800AED}
	EndGlobalSection
EndGlobal
