
Microsoft Visual Studio Solution File, Format Version 12.00
# Visual Studio Version 16
VisualStudioVersion = 16.0.30420.98
MinimumVisualStudioVersion = 10.0.40219.1
Project("{FAE04EC0-301F-11D3-BF4B-00C04F79EFBC}") = "CustomerMaintenance", "CustomerMaintenance\CustomerMaintenance.csproj", "{78B8CAA4-195C-430F-9ACC-036916F012EC}"
EndProject
Global
	GlobalSection(SolutionConfigurationPlatforms) = preSolution
		Debug|Any CPU = Debug|Any CPU
		Release|Any CPU = Release|Any CPU
	EndGlobalSection
	GlobalSection(ProjectConfigurationPlatforms) = postSolution
		{78B8CAA4-195C-430F-9ACC-036916F012EC}.Debug|Any CPU.ActiveCfg = Debug|Any CPU
		{78B8CAA4-195C-430F-9ACC-036916F012EC}.Debug|Any CPU.Build.0 = Debug|Any CPU
		{78B8CAA4-195C-430F-9ACC-036916F012EC}.Release|Any CPU.ActiveCfg = Release|Any CPU
		{78B8CAA4-195C-430F-9ACC-036916F012EC}.Release|Any CPU.Build.0 = Release|Any CPU
	EndGlobalSection
	GlobalSection(SolutionProperties) = preSolution
		HideSolutionNode = FALSE
	EndGlobalSection
	GlobalSection(ExtensibilityGlobals) = postSolution
		SolutionGuid = {781DF235-510F-440E-A9CB-5DAB13636072}
	EndGlobalSection
EndGlobal
