
Microsoft Visual Studio Solution File, Format Version 12.00
# Visual Studio Version 16
VisualStudioVersion = 16.0.30413.136
MinimumVisualStudioVersion = 10.0.40219.1
Project("{FAE04EC0-301F-11D3-BF4B-00C04F79EFBC}") = "InvoiceTotal", "InvoiceTotal\InvoiceTotal.csproj", "{46414595-6EF6-4DCE-B90C-B676D5956342}"
EndProject
Global
	GlobalSection(SolutionConfigurationPlatforms) = preSolution
		Debug|Any CPU = Debug|Any CPU
		Release|Any CPU = Release|Any CPU
	EndGlobalSection
	GlobalSection(ProjectConfigurationPlatforms) = postSolution
		{46414595-6EF6-4DCE-B90C-B676D5956342}.Debug|Any CPU.ActiveCfg = Debug|Any CPU
		{46414595-6EF6-4DCE-B90C-B676D5956342}.Debug|Any CPU.Build.0 = Debug|Any CPU
		{46414595-6EF6-4DCE-B90C-B676D5956342}.Release|Any CPU.ActiveCfg = Release|Any CPU
		{46414595-6EF6-4DCE-B90C-B676D5956342}.Release|Any CPU.Build.0 = Release|Any CPU
	EndGlobalSection
	GlobalSection(SolutionProperties) = preSolution
		HideSolutionNode = FALSE
	EndGlobalSection
	GlobalSection(ExtensibilityGlobals) = postSolution
		SolutionGuid = {66FE0748-17F5-4079-B2B8-8B587713F878}
	EndGlobalSection
EndGlobal
