
Microsoft Visual Studio Solution File, Format Version 12.00
# Visual Studio Version 17
VisualStudioVersion = 17.3.32929.385
MinimumVisualStudioVersion = 10.0.40219.1
Project("{FAE04EC0-301F-11D3-BF4B-00C04F79EFBC}") = "UIL", "UIL\UIL.csproj", "{74962D76-12F5-4751-8CD2-ED5623F1B110}"
EndProject
Project("{FAE04EC0-301F-11D3-BF4B-00C04F79EFBC}") = "BEL", "BEL\BEL.csproj", "{AFC5844F-413E-4AAF-B80F-35D217050BBC}"
EndProject
Project("{FAE04EC0-301F-11D3-BF4B-00C04F79EFBC}") = "BLL", "BLL\BLL.csproj", "{31355419-F454-4C50-ACB9-43E025A2939B}"
EndProject
Project("{FAE04EC0-301F-11D3-BF4B-00C04F79EFBC}") = "DAL", "DAL\DAL.csproj", "{5DFEF0BC-B959-40CF-BDA8-46F63EE13852}"
EndProject
Global
	GlobalSection(SolutionConfigurationPlatforms) = preSolution
		Debug|Any CPU = Debug|Any CPU
		Release|Any CPU = Release|Any CPU
	EndGlobalSection
	GlobalSection(ProjectConfigurationPlatforms) = postSolution
		{74962D76-12F5-4751-8CD2-ED5623F1B110}.Debug|Any CPU.ActiveCfg = Debug|Any CPU
		{74962D76-12F5-4751-8CD2-ED5623F1B110}.Debug|Any CPU.Build.0 = Debug|Any CPU
		{74962D76-12F5-4751-8CD2-ED5623F1B110}.Release|Any CPU.ActiveCfg = Release|Any CPU
		{74962D76-12F5-4751-8CD2-ED5623F1B110}.Release|Any CPU.Build.0 = Release|Any CPU
		{AFC5844F-413E-4AAF-B80F-35D217050BBC}.Debug|Any CPU.ActiveCfg = Debug|Any CPU
		{AFC5844F-413E-4AAF-B80F-35D217050BBC}.Debug|Any CPU.Build.0 = Debug|Any CPU
		{AFC5844F-413E-4AAF-B80F-35D217050BBC}.Release|Any CPU.ActiveCfg = Release|Any CPU
		{AFC5844F-413E-4AAF-B80F-35D217050BBC}.Release|Any CPU.Build.0 = Release|Any CPU
		{31355419-F454-4C50-ACB9-43E025A2939B}.Debug|Any CPU.ActiveCfg = Debug|Any CPU
		{31355419-F454-4C50-ACB9-43E025A2939B}.Debug|Any CPU.Build.0 = Debug|Any CPU
		{31355419-F454-4C50-ACB9-43E025A2939B}.Release|Any CPU.ActiveCfg = Release|Any CPU
		{31355419-F454-4C50-ACB9-43E025A2939B}.Release|Any CPU.Build.0 = Release|Any CPU
		{5DFEF0BC-B959-40CF-BDA8-46F63EE13852}.Debug|Any CPU.ActiveCfg = Debug|Any CPU
		{5DFEF0BC-B959-40CF-BDA8-46F63EE13852}.Debug|Any CPU.Build.0 = Debug|Any CPU
		{5DFEF0BC-B959-40CF-BDA8-46F63EE13852}.Release|Any CPU.ActiveCfg = Release|Any CPU
		{5DFEF0BC-B959-40CF-BDA8-46F63EE13852}.Release|Any CPU.Build.0 = Release|Any CPU
	EndGlobalSection
	GlobalSection(SolutionProperties) = preSolution
		HideSolutionNode = FALSE
	EndGlobalSection
	GlobalSection(ExtensibilityGlobals) = postSolution
		SolutionGuid = {9FAF31AA-615C-4CCB-BBA5-44B994A5B0F0}
	EndGlobalSection
EndGlobal
