
Microsoft Visual Studio Solution File, Format Version 12.00
# Visual Studio Version 16
VisualStudioVersion = 16.0.33529.622
MinimumVisualStudioVersion = 10.0.40219.1
Project("{FAE04EC0-301F-11D3-BF4B-00C04F79EFBC}") = "PatronComposite", "PatronComposite.csproj", "{27E76922-9376-47C8-901B-B1603487EE22}"
EndProject
Global
	GlobalSection(SolutionConfigurationPlatforms) = preSolution
		Debug|Any CPU = Debug|Any CPU
		Release|Any CPU = Release|Any CPU
	EndGlobalSection
	GlobalSection(ProjectConfigurationPlatforms) = postSolution
		{27E76922-9376-47C8-901B-B1603487EE22}.Debug|Any CPU.ActiveCfg = Debug|Any CPU
		{27E76922-9376-47C8-901B-B1603487EE22}.Debug|Any CPU.Build.0 = Debug|Any CPU
		{27E76922-9376-47C8-901B-B1603487EE22}.Release|Any CPU.ActiveCfg = Release|Any CPU
		{27E76922-9376-47C8-901B-B1603487EE22}.Release|Any CPU.Build.0 = Release|Any CPU
	EndGlobalSection
	GlobalSection(SolutionProperties) = preSolution
		HideSolutionNode = FALSE
	EndGlobalSection
	GlobalSection(ExtensibilityGlobals) = postSolution
		SolutionGuid = {03DD5B39-E370-4BD1-83F5-E0FE6C41E066}
	EndGlobalSection
EndGlobal
