
Microsoft Visual Studio Solution File, Format Version 12.00
# Visual Studio Version 16
VisualStudioVersion = 16.0.31911.196
MinimumVisualStudioVersion = 10.0.40219.1
Project("{FAE04EC0-301F-11D3-BF4B-00C04F79EFBC}") = "MVCSharp.Tests", "MVCSharp.Tests\MVCSharp.Tests.csproj", "{CCE46EF6-FAAC-40B9-AF1E-10B71BB6D54C}"
EndProject
Project("{FAE04EC0-301F-11D3-BF4B-00C04F79EFBC}") = "MVCSharp", "MVCSharp\MVCSharp.csproj", "{C04A36B0-4A58-45D4-B95B-A4A58AFEBC95}"
EndProject
Global
	GlobalSection(SolutionConfigurationPlatforms) = preSolution
		Debug|Any CPU = Debug|Any CPU
		Debug|MS.NET 1.1 = Debug|MS.NET 1.1
		Release|Any CPU = Release|Any CPU
		Release|MS.NET 1.1 = Release|MS.NET 1.1
	EndGlobalSection
	GlobalSection(ProjectConfigurationPlatforms) = postSolution
		{CCE46EF6-FAAC-40B9-AF1E-10B71BB6D54C}.Debug|Any CPU.ActiveCfg = Debug|Any CPU
		{CCE46EF6-FAAC-40B9-AF1E-10B71BB6D54C}.Debug|Any CPU.Build.0 = Debug|Any CPU
		{CCE46EF6-FAAC-40B9-AF1E-10B71BB6D54C}.Debug|MS.NET 1.1.ActiveCfg = Debug|Any CPU
		{CCE46EF6-FAAC-40B9-AF1E-10B71BB6D54C}.Release|Any CPU.ActiveCfg = Release|Any CPU
		{CCE46EF6-FAAC-40B9-AF1E-10B71BB6D54C}.Release|Any CPU.Build.0 = Release|Any CPU
		{CCE46EF6-FAAC-40B9-AF1E-10B71BB6D54C}.Release|MS.NET 1.1.ActiveCfg = Release|Any CPU
		{C04A36B0-4A58-45D4-B95B-A4A58AFEBC95}.Debug|Any CPU.ActiveCfg = Debug|Any CPU
		{C04A36B0-4A58-45D4-B95B-A4A58AFEBC95}.Debug|Any CPU.Build.0 = Debug|Any CPU
		{C04A36B0-4A58-45D4-B95B-A4A58AFEBC95}.Debug|MS.NET 1.1.ActiveCfg = Debug|Any CPU
		{C04A36B0-4A58-45D4-B95B-A4A58AFEBC95}.Release|Any CPU.ActiveCfg = Release|Any CPU
		{C04A36B0-4A58-45D4-B95B-A4A58AFEBC95}.Release|Any CPU.Build.0 = Release|Any CPU
		{C04A36B0-4A58-45D4-B95B-A4A58AFEBC95}.Release|MS.NET 1.1.ActiveCfg = Release|Any CPU
	EndGlobalSection
	GlobalSection(SolutionProperties) = preSolution
		HideSolutionNode = FALSE
	EndGlobalSection
	GlobalSection(ExtensibilityGlobals) = postSolution
		SolutionGuid = {3700536B-7F9D-42A0-9B0F-24F0A0DEB60A}
	EndGlobalSection
EndGlobal
