
Microsoft Visual Studio Solution File, Format Version 12.00
# Visual Studio Version 16
VisualStudioVersion = 16.0.29209.152
MinimumVisualStudioVersion = 10.0.40219.1
Project("{FAE04EC0-301F-11D3-BF4B-00C04F79EFBC}") = "InvoiceLineItemDisplay", "InvoiceLineItemDisplay\InvoiceLineItemDisplay.csproj", "{B0ADD6DE-16B7-4C2D-AE35-142968CF5F85}"
EndProject
Global
	GlobalSection(SolutionConfigurationPlatforms) = preSolution
		Debug|Any CPU = Debug|Any CPU
		Release|Any CPU = Release|Any CPU
	EndGlobalSection
	GlobalSection(ProjectConfigurationPlatforms) = postSolution
		{B0ADD6DE-16B7-4C2D-AE35-142968CF5F85}.Debug|Any CPU.ActiveCfg = Debug|Any CPU
		{B0ADD6DE-16B7-4C2D-AE35-142968CF5F85}.Debug|Any CPU.Build.0 = Debug|Any CPU
		{B0ADD6DE-16B7-4C2D-AE35-142968CF5F85}.Release|Any CPU.ActiveCfg = Release|Any CPU
		{B0ADD6DE-16B7-4C2D-AE35-142968CF5F85}.Release|Any CPU.Build.0 = Release|Any CPU
	EndGlobalSection
	GlobalSection(SolutionProperties) = preSolution
		HideSolutionNode = FALSE
	EndGlobalSection
	GlobalSection(ExtensibilityGlobals) = postSolution
		SolutionGuid = {3A51DCEF-2641-4500-8157-F44107F142C2}
	EndGlobalSection
EndGlobal
