
Microsoft Visual Studio Solution File, Format Version 9.00
# Visual Studio 2005
Project("{FAE04EC0-301F-11D3-BF4B-00C04F79EFBC}") = "MVCSharp", "..\..\MVCSharp\MVCSharp.csproj", "{C04A36B0-4A58-45D4-B95B-A4A58AFEBC95}"
	ProjectSection(WebsiteProperties) = preProject
		Debug.AspNetCompiler.Debug = "True"
		Release.AspNetCompiler.Debug = "False"
	EndProjectSection
EndProject
Project("{E24C65DC-7377-472B-9ABA-BC803B73C61A}") = "C:\...\Presentation\", "Presentation\", "{46F8257F-6476-4B4B-A78E-E27642E79D19}"
	ProjectSection(WebsiteProperties) = preProject
		ProjectReferences = "{C41556BB-3A94-421F-86C0-0B8D58823DEF}|ASP.NET MVC Store.dll;"
		Debug.AspNetCompiler.VirtualPath = "/Presentation"
		Debug.AspNetCompiler.PhysicalPath = "Presentation\"
		Debug.AspNetCompiler.TargetPath = "PrecompiledWeb\Presentation\"
		Debug.AspNetCompiler.Updateable = "true"
		Debug.AspNetCompiler.ForceOverwrite = "true"
		Debug.AspNetCompiler.FixedNames = "false"
		Debug.AspNetCompiler.Debug = "True"
		Release.AspNetCompiler.VirtualPath = "/Presentation"
		Release.AspNetCompiler.PhysicalPath = "Presentation\"
		Release.AspNetCompiler.TargetPath = "PrecompiledWeb\Presentation\"
		Release.AspNetCompiler.Updateable = "true"
		Release.AspNetCompiler.ForceOverwrite = "true"
		Release.AspNetCompiler.FixedNames = "false"
		Release.AspNetCompiler.Debug = "False"
		VWDPort = "60196"
	EndProjectSection
EndProject
Project("{FAE04EC0-301F-11D3-BF4B-00C04F79EFBC}") = "ASP.NET MVC Store", "ASP.NET MVC Store.csproj", "{C41556BB-3A94-421F-86C0-0B8D58823DEF}"
	ProjectSection(WebsiteProperties) = preProject
		Debug.AspNetCompiler.Debug = "True"
		Release.AspNetCompiler.Debug = "False"
	EndProjectSection
EndProject
Global
	GlobalSection(SolutionConfigurationPlatforms) = preSolution
		Debug|.NET = Debug|.NET
		Debug|Any CPU = Debug|Any CPU
		Debug|Mixed Platforms = Debug|Mixed Platforms
		Release|.NET = Release|.NET
		Release|Any CPU = Release|Any CPU
		Release|Mixed Platforms = Release|Mixed Platforms
	EndGlobalSection
	GlobalSection(ProjectConfigurationPlatforms) = postSolution
		{C04A36B0-4A58-45D4-B95B-A4A58AFEBC95}.Debug|.NET.ActiveCfg = Debug|Any CPU
		{C04A36B0-4A58-45D4-B95B-A4A58AFEBC95}.Debug|Any CPU.ActiveCfg = Debug|Any CPU
		{C04A36B0-4A58-45D4-B95B-A4A58AFEBC95}.Debug|Any CPU.Build.0 = Debug|Any CPU
		{C04A36B0-4A58-45D4-B95B-A4A58AFEBC95}.Debug|Mixed Platforms.ActiveCfg = Debug|Any CPU
		{C04A36B0-4A58-45D4-B95B-A4A58AFEBC95}.Debug|Mixed Platforms.Build.0 = Debug|Any CPU
		{C04A36B0-4A58-45D4-B95B-A4A58AFEBC95}.Release|.NET.ActiveCfg = Release|Any CPU
		{C04A36B0-4A58-45D4-B95B-A4A58AFEBC95}.Release|Any CPU.ActiveCfg = Release|Any CPU
		{C04A36B0-4A58-45D4-B95B-A4A58AFEBC95}.Release|Any CPU.Build.0 = Release|Any CPU
		{C04A36B0-4A58-45D4-B95B-A4A58AFEBC95}.Release|Mixed Platforms.ActiveCfg = Release|Any CPU
		{C04A36B0-4A58-45D4-B95B-A4A58AFEBC95}.Release|Mixed Platforms.Build.0 = Release|Any CPU
		{46F8257F-6476-4B4B-A78E-E27642E79D19}.Debug|.NET.ActiveCfg = Debug|.NET
		{46F8257F-6476-4B4B-A78E-E27642E79D19}.Debug|.NET.Build.0 = Debug|.NET
		{46F8257F-6476-4B4B-A78E-E27642E79D19}.Debug|Any CPU.ActiveCfg = Debug|.NET
		{46F8257F-6476-4B4B-A78E-E27642E79D19}.Debug|Mixed Platforms.ActiveCfg = Debug|.NET
		{46F8257F-6476-4B4B-A78E-E27642E79D19}.Debug|Mixed Platforms.Build.0 = Debug|.NET
		{46F8257F-6476-4B4B-A78E-E27642E79D19}.Release|.NET.ActiveCfg = Debug|.NET
		{46F8257F-6476-4B4B-A78E-E27642E79D19}.Release|.NET.Build.0 = Debug|.NET
		{46F8257F-6476-4B4B-A78E-E27642E79D19}.Release|Any CPU.ActiveCfg = Debug|.NET
		{46F8257F-6476-4B4B-A78E-E27642E79D19}.Release|Mixed Platforms.ActiveCfg = Debug|.NET
		{46F8257F-6476-4B4B-A78E-E27642E79D19}.Release|Mixed Platforms.Build.0 = Debug|.NET
		{C41556BB-3A94-421F-86C0-0B8D58823DEF}.Debug|.NET.ActiveCfg = Debug|Any CPU
		{C41556BB-3A94-421F-86C0-0B8D58823DEF}.Debug|Any CPU.ActiveCfg = Debug|Any CPU
		{C41556BB-3A94-421F-86C0-0B8D58823DEF}.Debug|Any CPU.Build.0 = Debug|Any CPU
		{C41556BB-3A94-421F-86C0-0B8D58823DEF}.Debug|Mixed Platforms.ActiveCfg = Debug|Any CPU
		{C41556BB-3A94-421F-86C0-0B8D58823DEF}.Debug|Mixed Platforms.Build.0 = Debug|Any CPU
		{C41556BB-3A94-421F-86C0-0B8D58823DEF}.Release|.NET.ActiveCfg = Release|Any CPU
		{C41556BB-3A94-421F-86C0-0B8D58823DEF}.Release|Any CPU.ActiveCfg = Release|Any CPU
		{C41556BB-3A94-421F-86C0-0B8D58823DEF}.Release|Any CPU.Build.0 = Release|Any CPU
		{C41556BB-3A94-421F-86C0-0B8D58823DEF}.Release|Mixed Platforms.ActiveCfg = Release|Any CPU
		{C41556BB-3A94-421F-86C0-0B8D58823DEF}.Release|Mixed Platforms.Build.0 = Release|Any CPU
	EndGlobalSection
	GlobalSection(SolutionProperties) = preSolution
		HideSolutionNode = FALSE
	EndGlobalSection
EndGlobal
