
Microsoft Visual Studio Solution File, Format Version 12.00
# Visual Studio Version 16
VisualStudioVersion = 16.0.31911.196
MinimumVisualStudioVersion = 10.0.40219.1
Project("{FAE04EC0-301F-11D3-BF4B-00C04F79EFBC}") = "MvpSample.WebForms", "MvpSample.WebForms\MvpSample.WebForms.csproj", "{636A096F-326F-4BC7-92EC-257E1F08FD94}"
	ProjectSection(WebsiteProperties) = preProject
		Debug.AspNetCompiler.Debug = "True"
		Release.AspNetCompiler.Debug = "False"
	EndProjectSection
EndProject
Project("{FAE04EC0-301F-11D3-BF4B-00C04F79EFBC}") = "MvpSample.Common", "MvpSample.Common\MvpSample.Common.csproj", "{64CD61A8-A179-4741-8555-AA3C5F6DD296}"
EndProject
Project("{FAE04EC0-301F-11D3-BF4B-00C04F79EFBC}") = "MvpSample.WinForms", "MvpSample.WinForms\MvpSample.WinForms.csproj", "{494DBD78-4AF1-41BD-828E-E62DE66AEC1C}"
EndProject
Global
	GlobalSection(SolutionConfigurationPlatforms) = preSolution
		Debug|.NET = Debug|.NET
		Debug|Any CPU = Debug|Any CPU
		Debug|Mixed Platforms = Debug|Mixed Platforms
		Release|.NET = Release|.NET
		Release|Any CPU = Release|Any CPU
		Release|Mixed Platforms = Release|Mixed Platforms
	EndGlobalSection
	GlobalSection(ProjectConfigurationPlatforms) = postSolution
		{636A096F-326F-4BC7-92EC-257E1F08FD94}.Debug|.NET.ActiveCfg = Debug|Any CPU
		{636A096F-326F-4BC7-92EC-257E1F08FD94}.Debug|Any CPU.ActiveCfg = Debug|Any CPU
		{636A096F-326F-4BC7-92EC-257E1F08FD94}.Debug|Any CPU.Build.0 = Debug|Any CPU
		{636A096F-326F-4BC7-92EC-257E1F08FD94}.Debug|Mixed Platforms.ActiveCfg = Debug|Any CPU
		{636A096F-326F-4BC7-92EC-257E1F08FD94}.Debug|Mixed Platforms.Build.0 = Debug|Any CPU
		{636A096F-326F-4BC7-92EC-257E1F08FD94}.Release|.NET.ActiveCfg = Release|Any CPU
		{636A096F-326F-4BC7-92EC-257E1F08FD94}.Release|Any CPU.ActiveCfg = Release|Any CPU
		{636A096F-326F-4BC7-92EC-257E1F08FD94}.Release|Any CPU.Build.0 = Release|Any CPU
		{636A096F-326F-4BC7-92EC-257E1F08FD94}.Release|Mixed Platforms.ActiveCfg = Release|Any CPU
		{636A096F-326F-4BC7-92EC-257E1F08FD94}.Release|Mixed Platforms.Build.0 = Release|Any CPU
		{64CD61A8-A179-4741-8555-AA3C5F6DD296}.Debug|.NET.ActiveCfg = Debug|Any CPU
		{64CD61A8-A179-4741-8555-AA3C5F6DD296}.Debug|Any CPU.ActiveCfg = Debug|Any CPU
		{64CD61A8-A179-4741-8555-AA3C5F6DD296}.Debug|Any CPU.Build.0 = Debug|Any CPU
		{64CD61A8-A179-4741-8555-AA3C5F6DD296}.Debug|Mixed Platforms.ActiveCfg = Debug|Any CPU
		{64CD61A8-A179-4741-8555-AA3C5F6DD296}.Debug|Mixed Platforms.Build.0 = Debug|Any CPU
		{64CD61A8-A179-4741-8555-AA3C5F6DD296}.Release|.NET.ActiveCfg = Release|Any CPU
		{64CD61A8-A179-4741-8555-AA3C5F6DD296}.Release|Any CPU.ActiveCfg = Release|Any CPU
		{64CD61A8-A179-4741-8555-AA3C5F6DD296}.Release|Any CPU.Build.0 = Release|Any CPU
		{64CD61A8-A179-4741-8555-AA3C5F6DD296}.Release|Mixed Platforms.ActiveCfg = Release|Any CPU
		{64CD61A8-A179-4741-8555-AA3C5F6DD296}.Release|Mixed Platforms.Build.0 = Release|Any CPU
		{494DBD78-4AF1-41BD-828E-E62DE66AEC1C}.Debug|.NET.ActiveCfg = Debug|Any CPU
		{494DBD78-4AF1-41BD-828E-E62DE66AEC1C}.Debug|Any CPU.ActiveCfg = Debug|Any CPU
		{494DBD78-4AF1-41BD-828E-E62DE66AEC1C}.Debug|Any CPU.Build.0 = Debug|Any CPU
		{494DBD78-4AF1-41BD-828E-E62DE66AEC1C}.Debug|Mixed Platforms.ActiveCfg = Debug|Any CPU
		{494DBD78-4AF1-41BD-828E-E62DE66AEC1C}.Debug|Mixed Platforms.Build.0 = Debug|Any CPU
		{494DBD78-4AF1-41BD-828E-E62DE66AEC1C}.Release|.NET.ActiveCfg = Release|Any CPU
		{494DBD78-4AF1-41BD-828E-E62DE66AEC1C}.Release|Any CPU.ActiveCfg = Release|Any CPU
		{494DBD78-4AF1-41BD-828E-E62DE66AEC1C}.Release|Any CPU.Build.0 = Release|Any CPU
		{494DBD78-4AF1-41BD-828E-E62DE66AEC1C}.Release|Mixed Platforms.ActiveCfg = Release|Any CPU
		{494DBD78-4AF1-41BD-828E-E62DE66AEC1C}.Release|Mixed Platforms.Build.0 = Release|Any CPU
	EndGlobalSection
	GlobalSection(SolutionProperties) = preSolution
		HideSolutionNode = FALSE
	EndGlobalSection
	GlobalSection(ExtensibilityGlobals) = postSolution
		SolutionGuid = {07E16E09-5AFD-4E97-87FD-25298F97189E}
	EndGlobalSection
EndGlobal
