
Microsoft Visual Studio Solution File, Format Version 9.00
# Visual Studio 2005
Project("{FAE04EC0-301F-11D3-BF4B-00C04F79EFBC}") = "AdvancedCustomization", "AdvancedCustomization.csproj", "{1AFC2A6D-E4B9-4450-9CE0-879E0D42A296}"
EndProject
Project("{FAE04EC0-301F-11D3-BF4B-00C04F79EFBC}") = "MVCSharp", "..\..\MVCSharp\MVCSharp.csproj", "{C04A36B0-4A58-45D4-B95B-A4A58AFEBC95}"
EndProject
Project("{FAE04EC0-301F-11D3-BF4B-00C04F79EFBC}") = "SeparateViewsAssembly", "Presentation\SeparateViewsAssembly\SeparateViewsAssembly.csproj", "{B5B13553-E4D9-4D51-91A9-A1E67389FD68}"
EndProject
Global
	GlobalSection(SolutionConfigurationPlatforms) = preSolution
		Debug|Any CPU = Debug|Any CPU
		Release|Any CPU = Release|Any CPU
	EndGlobalSection
	GlobalSection(ProjectConfigurationPlatforms) = postSolution
		{1AFC2A6D-E4B9-4450-9CE0-879E0D42A296}.Debug|Any CPU.ActiveCfg = Debug|Any CPU
		{1AFC2A6D-E4B9-4450-9CE0-879E0D42A296}.Debug|Any CPU.Build.0 = Debug|Any CPU
		{1AFC2A6D-E4B9-4450-9CE0-879E0D42A296}.Release|Any CPU.ActiveCfg = Release|Any CPU
		{1AFC2A6D-E4B9-4450-9CE0-879E0D42A296}.Release|Any CPU.Build.0 = Release|Any CPU
		{C04A36B0-4A58-45D4-B95B-A4A58AFEBC95}.Debug|Any CPU.ActiveCfg = Debug|Any CPU
		{C04A36B0-4A58-45D4-B95B-A4A58AFEBC95}.Debug|Any CPU.Build.0 = Debug|Any CPU
		{C04A36B0-4A58-45D4-B95B-A4A58AFEBC95}.Release|Any CPU.ActiveCfg = Release|Any CPU
		{C04A36B0-4A58-45D4-B95B-A4A58AFEBC95}.Release|Any CPU.Build.0 = Release|Any CPU
		{B5B13553-E4D9-4D51-91A9-A1E67389FD68}.Debug|Any CPU.ActiveCfg = Debug|Any CPU
		{B5B13553-E4D9-4D51-91A9-A1E67389FD68}.Debug|Any CPU.Build.0 = Debug|Any CPU
		{B5B13553-E4D9-4D51-91A9-A1E67389FD68}.Release|Any CPU.ActiveCfg = Release|Any CPU
		{B5B13553-E4D9-4D51-91A9-A1E67389FD68}.Release|Any CPU.Build.0 = Release|Any CPU
	EndGlobalSection
	GlobalSection(SolutionProperties) = preSolution
		HideSolutionNode = FALSE
	EndGlobalSection
EndGlobal
