
Microsoft Visual Studio Solution File, Format Version 12.00
# Visual Studio Version 16
VisualStudioVersion = 16.0.30413.136
MinimumVisualStudioVersion = 10.0.40219.1
Project("{FAE04EC0-301F-11D3-BF4B-00C04F79EFBC}") = "CustomerMaintenance", "CustomerMaintenance\CustomerMaintenance.csproj", "{096FC533-3D73-4B91-BACE-22A18468E6F0}"
EndProject
Global
	GlobalSection(SolutionConfigurationPlatforms) = preSolution
		Debug|Any CPU = Debug|Any CPU
		Release|Any CPU = Release|Any CPU
	EndGlobalSection
	GlobalSection(ProjectConfigurationPlatforms) = postSolution
		{096FC533-3D73-4B91-BACE-22A18468E6F0}.Debug|Any CPU.ActiveCfg = Debug|Any CPU
		{096FC533-3D73-4B91-BACE-22A18468E6F0}.Debug|Any CPU.Build.0 = Debug|Any CPU
		{096FC533-3D73-4B91-BACE-22A18468E6F0}.Release|Any CPU.ActiveCfg = Release|Any CPU
		{096FC533-3D73-4B91-BACE-22A18468E6F0}.Release|Any CPU.Build.0 = Release|Any CPU
	EndGlobalSection
	GlobalSection(SolutionProperties) = preSolution
		HideSolutionNode = FALSE
	EndGlobalSection
	GlobalSection(ExtensibilityGlobals) = postSolution
		SolutionGuid = {2F5683FE-ED8E-4FF0-A2CC-0B52D215B612}
	EndGlobalSection
EndGlobal
