
Microsoft Visual Studio Solution File, Format Version 12.00
# Visual Studio Version 16
VisualStudioVersion = 16.0.30413.136
MinimumVisualStudioVersion = 10.0.40219.1
Project("{FAE04EC0-301F-11D3-BF4B-00C04F79EFBC}") = "Payment", "Payment\Payment.csproj", "{6E187E94-2F7B-40EE-86B9-8AA49B4D009C}"
EndProject
Global
	GlobalSection(SolutionConfigurationPlatforms) = preSolution
		Debug|Any CPU = Debug|Any CPU
		Release|Any CPU = Release|Any CPU
	EndGlobalSection
	GlobalSection(ProjectConfigurationPlatforms) = postSolution
		{6E187E94-2F7B-40EE-86B9-8AA49B4D009C}.Debug|Any CPU.ActiveCfg = Debug|Any CPU
		{6E187E94-2F7B-40EE-86B9-8AA49B4D009C}.Debug|Any CPU.Build.0 = Debug|Any CPU
		{6E187E94-2F7B-40EE-86B9-8AA49B4D009C}.Release|Any CPU.ActiveCfg = Release|Any CPU
		{6E187E94-2F7B-40EE-86B9-8AA49B4D009C}.Release|Any CPU.Build.0 = Release|Any CPU
	EndGlobalSection
	GlobalSection(SolutionProperties) = preSolution
		HideSolutionNode = FALSE
	EndGlobalSection
	GlobalSection(ExtensibilityGlobals) = postSolution
		SolutionGuid = {B37C9F30-D6D5-4ED3-940C-4A5F0F344B88}
	EndGlobalSection
EndGlobal
