Microsoft Visual Studio Solution File, Format Version 12.00
# Visual Studio Version 16
VisualStudioVersion = 16.0.33529.622
MinimumVisualStudioVersion = 10.0.40219.1
Project("{FAE04EC0-301F-11D3-BF4B-00C04F79EFBC}") = "SingletonForm", "SingletonForm\SingletonForm.csproj", "{913C22D0-60B0-4840-8381-AA89020E7717}"
EndProject
Global
	GlobalSection(SolutionConfigurationPlatforms) = preSolution
		Debug|Any CPU = Debug|Any CPU
		Release|Any CPU = Release|Any CPU
	EndGlobalSection
	GlobalSection(ProjectConfigurationPlatforms) = postSolution
		{913C22D0-60B0-4840-8381-AA89020E7717}.Debug|Any CPU.ActiveCfg = Debug|Any CPU
		{913C22D0-60B0-4840-8381-AA89020E7717}.Debug|Any CPU.Build.0 = Debug|Any CPU
		{913C22D0-60B0-4840-8381-AA89020E7717}.Release|Any CPU.ActiveCfg = Release|Any CPU
		{913C22D0-60B0-4840-8381-AA89020E7717}.Release|Any CPU.Build.0 = Release|Any CPU
	EndGlobalSection
	GlobalSection(SolutionProperties) = preSolution
		HideSolutionNode = FALSE
	EndGlobalSection
	GlobalSection(ExtensibilityGlobals) = postSolution
		SolutionGuid = {868D9922-840D-434C-8FCA-1ECB779513CE}
	EndGlobalSection
EndGlobal
