
Microsoft Visual Studio Solution File, Format Version 12.00
# Visual Studio Version 16
VisualStudioVersion = 16.0.33801.447
MinimumVisualStudioVersion = 10.0.40219.1
Project("{FAE04EC0-301F-11D3-BF4B-00C04F79EFBC}") = "MusicPlayer", "MusicPlayer.csproj", "{813444B6-3BDE-413B-A702-04B032AB67F4}"
EndProject
Global
	GlobalSection(SolutionConfigurationPlatforms) = preSolution
		Debug|Any CPU = Debug|Any CPU
		Release|Any CPU = Release|Any CPU
	EndGlobalSection
	GlobalSection(ProjectConfigurationPlatforms) = postSolution
		{813444B6-3BDE-413B-A702-04B032AB67F4}.Debug|Any CPU.ActiveCfg = Debug|Any CPU
		{813444B6-3BDE-413B-A702-04B032AB67F4}.Debug|Any CPU.Build.0 = Debug|Any CPU
		{813444B6-3BDE-413B-A702-04B032AB67F4}.Release|Any CPU.ActiveCfg = Release|Any CPU
		{813444B6-3BDE-413B-A702-04B032AB67F4}.Release|Any CPU.Build.0 = Release|Any CPU
	EndGlobalSection
	GlobalSection(SolutionProperties) = preSolution
		HideSolutionNode = FALSE
	EndGlobalSection
	GlobalSection(ExtensibilityGlobals) = postSolution
		SolutionGuid = {CBF88817-E23D-4968-B705-55532B1EED19}
	EndGlobalSection
EndGlobal
