
Microsoft Visual Studio Solution File, Format Version 12.00
# Visual Studio Version 16
VisualStudioVersion = 16.0.32602.291
MinimumVisualStudioVersion = 10.0.40219.1

Project("{FAE04EC0-301F-11D3-BF4B-00C04F79EFBC}") = "UIL", "UIL\UIL.csproj", "{B88C72E5-6631-4CEE-9800-7FD5FCD59F3C}"
EndProject

Project("{FAE04EC0-301F-11D3-BF4B-00C04F79EFBC}") = "ABS", "ABS\ABS.csproj", "{05352B08-7A87-4D82-BFAE-2A40E0B8A36D}"
EndProject

Project("{FAE04EC0-301F-11D3-BF4B-00C04F79EFBC}") = "BEL", "BEL\BEL.csproj", "{708F5B8C-E21F-45A4-8F50-4A629A5B5BD5}"
EndProject

Project("{FAE04EC0-301F-11D3-BF4B-00C04F79EFBC}") = "BLL", "BLL\BLL.csproj", "{CC6EB790-42AC-457B-823F-3A72A56B4CF5}"
EndProject

Project("{FAE04EC0-301F-11D3-BF4B-00C04F79EFBC}") = "DAL", "DAL\DAL.csproj", "{E59B4594-5D2F-421B-A77B-8868F6A09BC1}"
EndProject

Project("{FAE04EC0-301F-11D3-BF4B-00C04F79EFBC}") = "MPP", "MPP\MPP.csproj", "{AD9E4333-A92E-4DA8-BBAC-7D62A905C95B}"
EndProject

Project("{2150E333-8FDC-42A3-9474-1A3956D46DE8}") = "Solution Items", "Solution Items", "{40BB1978-9C6B-4FDE-B8F0-6E6A072490FB}"
	ProjectSection(SolutionItems) = preProject
		6CapasUAI.png = 6CapasUAI.png
	EndProjectSection
EndProject
Global
	GlobalSection(SolutionConfigurationPlatforms) = preSolution
		Debug|Any CPU = Debug|Any CPU
		Release|Any CPU = Release|Any CPU
	EndGlobalSection
	GlobalSection(ProjectConfigurationPlatforms) = postSolution
		{05352B08-7A87-4D82-BFAE-2A40E0B8A36D}.Debug|Any CPU.ActiveCfg = Debug|Any CPU
		{05352B08-7A87-4D82-BFAE-2A40E0B8A36D}.Debug|Any CPU.Build.0 = Debug|Any CPU
		{05352B08-7A87-4D82-BFAE-2A40E0B8A36D}.Release|Any CPU.ActiveCfg = Release|Any CPU
		{05352B08-7A87-4D82-BFAE-2A40E0B8A36D}.Release|Any CPU.Build.0 = Release|Any CPU
		{708F5B8C-E21F-45A4-8F50-4A629A5B5BD5}.Debug|Any CPU.ActiveCfg = Debug|Any CPU
		{708F5B8C-E21F-45A4-8F50-4A629A5B5BD5}.Debug|Any CPU.Build.0 = Debug|Any CPU
		{708F5B8C-E21F-45A4-8F50-4A629A5B5BD5}.Release|Any CPU.ActiveCfg = Release|Any CPU
		{708F5B8C-E21F-45A4-8F50-4A629A5B5BD5}.Release|Any CPU.Build.0 = Release|Any CPU
		{CC6EB790-42AC-457B-823F-3A72A56B4CF5}.Debug|Any CPU.ActiveCfg = Debug|Any CPU
		{CC6EB790-42AC-457B-823F-3A72A56B4CF5}.Debug|Any CPU.Build.0 = Debug|Any CPU
		{CC6EB790-42AC-457B-823F-3A72A56B4CF5}.Release|Any CPU.ActiveCfg = Release|Any CPU
		{CC6EB790-42AC-457B-823F-3A72A56B4CF5}.Release|Any CPU.Build.0 = Release|Any CPU
		{E59B4594-5D2F-421B-A77B-8868F6A09BC1}.Debug|Any CPU.ActiveCfg = Debug|Any CPU
		{E59B4594-5D2F-421B-A77B-8868F6A09BC1}.Debug|Any CPU.Build.0 = Debug|Any CPU
		{E59B4594-5D2F-421B-A77B-8868F6A09BC1}.Release|Any CPU.ActiveCfg = Release|Any CPU
		{E59B4594-5D2F-421B-A77B-8868F6A09BC1}.Release|Any CPU.Build.0 = Release|Any CPU
		{AD9E4333-A92E-4DA8-BBAC-7D62A905C95B}.Debug|Any CPU.ActiveCfg = Debug|Any CPU
		{AD9E4333-A92E-4DA8-BBAC-7D62A905C95B}.Debug|Any CPU.Build.0 = Debug|Any CPU
		{AD9E4333-A92E-4DA8-BBAC-7D62A905C95B}.Release|Any CPU.ActiveCfg = Release|Any CPU
		{AD9E4333-A92E-4DA8-BBAC-7D62A905C95B}.Release|Any CPU.Build.0 = Release|Any CPU
		{B88C72E5-6631-4CEE-9800-7FD5FCD59F3C}.Debug|Any CPU.ActiveCfg = Debug|Any CPU
		{B88C72E5-6631-4CEE-9800-7FD5FCD59F3C}.Debug|Any CPU.Build.0 = Debug|Any CPU
		{B88C72E5-6631-4CEE-9800-7FD5FCD59F3C}.Release|Any CPU.ActiveCfg = Release|Any CPU
		{B88C72E5-6631-4CEE-9800-7FD5FCD59F3C}.Release|Any CPU.Build.0 = Release|Any CPU
	EndGlobalSection
	GlobalSection(SolutionProperties) = preSolution
		HideSolutionNode = FALSE
	EndGlobalSection
	GlobalSection(ExtensibilityGlobals) = postSolution
		SolutionGuid = {9FC4AEB1-2DE9-4FC3-85CD-67E9640399E4}
	EndGlobalSection
EndGlobal
