
Microsoft Visual Studio Solution File, Format Version 12.00
# Visual Studio Version 16
VisualStudioVersion = 16.0.29021.104
MinimumVisualStudioVersion = 10.0.40219.1
Project("{FAE04EC0-301F-11D3-BF4B-00C04F79EFBC}") = "ProductMaintenance", "ProductMaintenance\ProductMaintenance.csproj", "{62733AEC-BC4C-4E06-8330-7657227E8F4B}"
EndProject
Global
	GlobalSection(SolutionConfigurationPlatforms) = preSolution
		Debug|Any CPU = Debug|Any CPU
		Release|Any CPU = Release|Any CPU
	EndGlobalSection
	GlobalSection(ProjectConfigurationPlatforms) = postSolution
		{62733AEC-BC4C-4E06-8330-7657227E8F4B}.Debug|Any CPU.ActiveCfg = Debug|Any CPU
		{62733AEC-BC4C-4E06-8330-7657227E8F4B}.Debug|Any CPU.Build.0 = Debug|Any CPU
		{62733AEC-BC4C-4E06-8330-7657227E8F4B}.Release|Any CPU.ActiveCfg = Release|Any CPU
		{62733AEC-BC4C-4E06-8330-7657227E8F4B}.Release|Any CPU.Build.0 = Release|Any CPU
	EndGlobalSection
	GlobalSection(SolutionProperties) = preSolution
		HideSolutionNode = FALSE
	EndGlobalSection
	GlobalSection(ExtensibilityGlobals) = postSolution
		SolutionGuid = {B7263E71-0791-4BB0-888C-0415F08EB980}
	EndGlobalSection
EndGlobal
