
Microsoft Visual Studio Solution File, Format Version 12.00
# Visual Studio Version 16
VisualStudioVersion = 16.0.33801.447
MinimumVisualStudioVersion = 10.0.40219.1
Project("{FAE04EC0-301F-11D3-BF4B-00C04F79EFBC}") = "ClasesGenericasChatGPT", "ClasesGenericasChatGPT.csproj", "{55FC80F3-70D8-432C-9B4B-B32517ACB3CE}"
EndProject
Global
	GlobalSection(SolutionConfigurationPlatforms) = preSolution
		Debug|Any CPU = Debug|Any CPU
		Release|Any CPU = Release|Any CPU
	EndGlobalSection
	GlobalSection(ProjectConfigurationPlatforms) = postSolution
		{55FC80F3-70D8-432C-9B4B-B32517ACB3CE}.Debug|Any CPU.ActiveCfg = Debug|Any CPU
		{55FC80F3-70D8-432C-9B4B-B32517ACB3CE}.Debug|Any CPU.Build.0 = Debug|Any CPU
		{55FC80F3-70D8-432C-9B4B-B32517ACB3CE}.Release|Any CPU.ActiveCfg = Release|Any CPU
		{55FC80F3-70D8-432C-9B4B-B32517ACB3CE}.Release|Any CPU.Build.0 = Release|Any CPU
	EndGlobalSection
	GlobalSection(SolutionProperties) = preSolution
		HideSolutionNode = FALSE
	EndGlobalSection
	GlobalSection(ExtensibilityGlobals) = postSolution
		SolutionGuid = {F9B814E6-88EE-45E8-B760-9A7FDB8CB9AB}
	EndGlobalSection
EndGlobal
