
Microsoft Visual Studio Solution File, Format Version 12.00
# Visual Studio Version 17
VisualStudioVersion = 17.0.32112.339
MinimumVisualStudioVersion = 10.0.40219.1
Project("{9A19103F-16F7-4668-BE54-9A1E7A4F7556}") = "DomainLayer", "DomainLayer\DomainLayer.csproj", "{B509ACA6-14EA-4EE4-9159-0DEFE4661786}"
EndProject
Project("{FAE04EC0-301F-11D3-BF4B-00C04F79EFBC}") = "ServiceLayer", "ServiceLayer\ServiceLayer.csproj", "{D6EC4A1E-51D0-4295-8D06-68FE4A25F3B3}"
EndProject
Global
	GlobalSection(SolutionConfigurationPlatforms) = preSolution
		Debug|Any CPU = Debug|Any CPU
		Release|Any CPU = Release|Any CPU
	EndGlobalSection
	GlobalSection(ProjectConfigurationPlatforms) = postSolution
		{B509ACA6-14EA-4EE4-9159-0DEFE4661786}.Debug|Any CPU.ActiveCfg = Debug|Any CPU
		{B509ACA6-14EA-4EE4-9159-0DEFE4661786}.Debug|Any CPU.Build.0 = Debug|Any CPU
		{B509ACA6-14EA-4EE4-9159-0DEFE4661786}.Release|Any CPU.ActiveCfg = Release|Any CPU
		{B509ACA6-14EA-4EE4-9159-0DEFE4661786}.Release|Any CPU.Build.0 = Release|Any CPU
		{D6EC4A1E-51D0-4295-8D06-68FE4A25F3B3}.Debug|Any CPU.ActiveCfg = Debug|Any CPU
		{D6EC4A1E-51D0-4295-8D06-68FE4A25F3B3}.Debug|Any CPU.Build.0 = Debug|Any CPU
		{D6EC4A1E-51D0-4295-8D06-68FE4A25F3B3}.Release|Any CPU.ActiveCfg = Release|Any CPU
		{D6EC4A1E-51D0-4295-8D06-68FE4A25F3B3}.Release|Any CPU.Build.0 = Release|Any CPU
	EndGlobalSection
	GlobalSection(SolutionProperties) = preSolution
		HideSolutionNode = FALSE
	EndGlobalSection
	GlobalSection(ExtensibilityGlobals) = postSolution
		SolutionGuid = {E7AACEB0-CADC-4BFA-B1C7-6DC580388A6A}
	EndGlobalSection
EndGlobal
