
Microsoft Visual Studio Solution File, Format Version 12.00
# Visual Studio Version 16
VisualStudioVersion = 16.0.32602.291
MinimumVisualStudioVersion = 10.0.40219.1
Project("{FAE04EC0-301F-11D3-BF4B-00C04F79EFBC}") = "1.S", "1.S\1.S.csproj", "{FA1576EE-6C53-43DF-ABC6-FB9473FA660E}"
EndProject
Project("{FAE04EC0-301F-11D3-BF4B-00C04F79EFBC}") = "2.O", "2.S\2.O.csproj", "{2A7AB698-BD86-4B1D-A4BB-7723E7421A10}"
EndProject
Project("{FAE04EC0-301F-11D3-BF4B-00C04F79EFBC}") = "3.L", "3.L\3.L.csproj", "{4C27AB50-2CB4-48A2-B1B4-7ED3C015220C}"
EndProject
Project("{FAE04EC0-301F-11D3-BF4B-00C04F79EFBC}") = "4.I", "4.I\4.I.csproj", "{848F3F2B-3BBD-42BA-8756-CEE998D0E67E}"
EndProject
Project("{FAE04EC0-301F-11D3-BF4B-00C04F79EFBC}") = "5.D", "5.D\5.D.csproj", "{9E92CB60-A9EA-4B0C-B017-D24EBC647700}"
EndProject
Global
	GlobalSection(SolutionConfigurationPlatforms) = preSolution
		Debug|Any CPU = Debug|Any CPU
		Release|Any CPU = Release|Any CPU
	EndGlobalSection
	GlobalSection(ProjectConfigurationPlatforms) = postSolution
		{FA1576EE-6C53-43DF-ABC6-FB9473FA660E}.Debug|Any CPU.ActiveCfg = Debug|Any CPU
		{FA1576EE-6C53-43DF-ABC6-FB9473FA660E}.Debug|Any CPU.Build.0 = Debug|Any CPU
		{FA1576EE-6C53-43DF-ABC6-FB9473FA660E}.Release|Any CPU.ActiveCfg = Release|Any CPU
		{FA1576EE-6C53-43DF-ABC6-FB9473FA660E}.Release|Any CPU.Build.0 = Release|Any CPU
		{2A7AB698-BD86-4B1D-A4BB-7723E7421A10}.Debug|Any CPU.ActiveCfg = Debug|Any CPU
		{2A7AB698-BD86-4B1D-A4BB-7723E7421A10}.Debug|Any CPU.Build.0 = Debug|Any CPU
		{2A7AB698-BD86-4B1D-A4BB-7723E7421A10}.Release|Any CPU.ActiveCfg = Release|Any CPU
		{2A7AB698-BD86-4B1D-A4BB-7723E7421A10}.Release|Any CPU.Build.0 = Release|Any CPU
		{4C27AB50-2CB4-48A2-B1B4-7ED3C015220C}.Debug|Any CPU.ActiveCfg = Debug|Any CPU
		{4C27AB50-2CB4-48A2-B1B4-7ED3C015220C}.Debug|Any CPU.Build.0 = Debug|Any CPU
		{4C27AB50-2CB4-48A2-B1B4-7ED3C015220C}.Release|Any CPU.ActiveCfg = Release|Any CPU
		{4C27AB50-2CB4-48A2-B1B4-7ED3C015220C}.Release|Any CPU.Build.0 = Release|Any CPU
		{848F3F2B-3BBD-42BA-8756-CEE998D0E67E}.Debug|Any CPU.ActiveCfg = Debug|Any CPU
		{848F3F2B-3BBD-42BA-8756-CEE998D0E67E}.Debug|Any CPU.Build.0 = Debug|Any CPU
		{848F3F2B-3BBD-42BA-8756-CEE998D0E67E}.Release|Any CPU.ActiveCfg = Release|Any CPU
		{848F3F2B-3BBD-42BA-8756-CEE998D0E67E}.Release|Any CPU.Build.0 = Release|Any CPU
		{9E92CB60-A9EA-4B0C-B017-D24EBC647700}.Debug|Any CPU.ActiveCfg = Debug|Any CPU
		{9E92CB60-A9EA-4B0C-B017-D24EBC647700}.Debug|Any CPU.Build.0 = Debug|Any CPU
		{9E92CB60-A9EA-4B0C-B017-D24EBC647700}.Release|Any CPU.ActiveCfg = Release|Any CPU
		{9E92CB60-A9EA-4B0C-B017-D24EBC647700}.Release|Any CPU.Build.0 = Release|Any CPU
	EndGlobalSection
	GlobalSection(SolutionProperties) = preSolution
		HideSolutionNode = FALSE
	EndGlobalSection
	GlobalSection(ExtensibilityGlobals) = postSolution
		SolutionGuid = {88811618-DF24-49DB-9572-3DBD13547D7E}
	EndGlobalSection
EndGlobal
