
Microsoft Visual Studio Solution File, Format Version 12.00
# Visual Studio Version 16
VisualStudioVersion = 16.0.31729.503
MinimumVisualStudioVersion = 10.0.40219.1
Project("{FAE04EC0-301F-11D3-BF4B-00C04F79EFBC}") = "Delegados", "Delegados.csproj", "{B8CCB9BE-5E94-4E55-B453-F11C7BD60492}"
EndProject
Global
	GlobalSection(SolutionConfigurationPlatforms) = preSolution
		Debug|Any CPU = Debug|Any CPU
		Release|Any CPU = Release|Any CPU
	EndGlobalSection
	GlobalSection(ProjectConfigurationPlatforms) = postSolution
		{B8CCB9BE-5E94-4E55-B453-F11C7BD60492}.Debug|Any CPU.ActiveCfg = Debug|Any CPU
		{B8CCB9BE-5E94-4E55-B453-F11C7BD60492}.Debug|Any CPU.Build.0 = Debug|Any CPU
		{B8CCB9BE-5E94-4E55-B453-F11C7BD60492}.Release|Any CPU.ActiveCfg = Release|Any CPU
		{B8CCB9BE-5E94-4E55-B453-F11C7BD60492}.Release|Any CPU.Build.0 = Release|Any CPU
	EndGlobalSection
	GlobalSection(SolutionProperties) = preSolution
		HideSolutionNode = FALSE
	EndGlobalSection
	GlobalSection(ExtensibilityGlobals) = postSolution
		SolutionGuid = {76094A17-CA02-4272-B315-B6B4A7872CED}
	EndGlobalSection
EndGlobal
