
Microsoft Visual Studio Solution File, Format Version 12.00
# Visual Studio Version 16
VisualStudioVersion = 16.0.32228.343
MinimumVisualStudioVersion = 10.0.40219.1
Project("{FAE04EC0-301F-11D3-BF4B-00C04F79EFBC}") = "Ensamblado", "Ensamblado\Ensamblado.csproj", "{7A2246D0-202E-4CBA-A736-0A1E19BDFFB0}"
EndProject
Project("{FAE04EC0-301F-11D3-BF4B-00C04F79EFBC}") = "Libreria", "Libreria\Libreria.csproj", "{3C6E7EF1-8EB1-40DE-A0B5-E7C4A3490E61}"
EndProject
Project("{FAE04EC0-301F-11D3-BF4B-00C04F79EFBC}") = "UnaCapa", "UnaCapa\UnaCapa.csproj", "{83E33A5C-C72A-4916-AE8F-6BC37D53B000}"
EndProject
Project("{FAE04EC0-301F-11D3-BF4B-00C04F79EFBC}") = "Monocapa", "Monocapa\Monocapa.csproj", "{28D97F0F-1E33-4350-B4C7-E466D1EE24A0}"
EndProject
Global
	GlobalSection(SolutionConfigurationPlatforms) = preSolution
		Debug|Any CPU = Debug|Any CPU
		Release|Any CPU = Release|Any CPU
	EndGlobalSection
	GlobalSection(ProjectConfigurationPlatforms) = postSolution
		{7A2246D0-202E-4CBA-A736-0A1E19BDFFB0}.Debug|Any CPU.ActiveCfg = Debug|Any CPU
		{7A2246D0-202E-4CBA-A736-0A1E19BDFFB0}.Debug|Any CPU.Build.0 = Debug|Any CPU
		{7A2246D0-202E-4CBA-A736-0A1E19BDFFB0}.Release|Any CPU.ActiveCfg = Release|Any CPU
		{7A2246D0-202E-4CBA-A736-0A1E19BDFFB0}.Release|Any CPU.Build.0 = Release|Any CPU
		{3C6E7EF1-8EB1-40DE-A0B5-E7C4A3490E61}.Debug|Any CPU.ActiveCfg = Debug|Any CPU
		{3C6E7EF1-8EB1-40DE-A0B5-E7C4A3490E61}.Debug|Any CPU.Build.0 = Debug|Any CPU
		{3C6E7EF1-8EB1-40DE-A0B5-E7C4A3490E61}.Release|Any CPU.ActiveCfg = Release|Any CPU
		{3C6E7EF1-8EB1-40DE-A0B5-E7C4A3490E61}.Release|Any CPU.Build.0 = Release|Any CPU
		{83E33A5C-C72A-4916-AE8F-6BC37D53B000}.Debug|Any CPU.ActiveCfg = Debug|Any CPU
		{83E33A5C-C72A-4916-AE8F-6BC37D53B000}.Debug|Any CPU.Build.0 = Debug|Any CPU
		{83E33A5C-C72A-4916-AE8F-6BC37D53B000}.Release|Any CPU.ActiveCfg = Release|Any CPU
		{83E33A5C-C72A-4916-AE8F-6BC37D53B000}.Release|Any CPU.Build.0 = Release|Any CPU
		{28D97F0F-1E33-4350-B4C7-E466D1EE24A0}.Debug|Any CPU.ActiveCfg = Debug|Any CPU
		{28D97F0F-1E33-4350-B4C7-E466D1EE24A0}.Debug|Any CPU.Build.0 = Debug|Any CPU
		{28D97F0F-1E33-4350-B4C7-E466D1EE24A0}.Release|Any CPU.ActiveCfg = Release|Any CPU
		{28D97F0F-1E33-4350-B4C7-E466D1EE24A0}.Release|Any CPU.Build.0 = Release|Any CPU
	EndGlobalSection
	GlobalSection(SolutionProperties) = preSolution
		HideSolutionNode = FALSE
	EndGlobalSection
	GlobalSection(ExtensibilityGlobals) = postSolution
		SolutionGuid = {CE0358B6-34CC-485C-8EB0-2D3211C9D2C9}
	EndGlobalSection
EndGlobal
