
Microsoft Visual Studio Solution File, Format Version 12.00
# Visual Studio Version 16
VisualStudioVersion = 16.0.31729.503
MinimumVisualStudioVersion = 10.0.40219.1
Project("{FAE04EC0-301F-11D3-BF4B-00C04F79EFBC}") = "Activity8_1", "Activity8_1.csproj", "{F1735868-FAF2-4563-8A83-76C3F01ECB04}"
EndProject
Global
	GlobalSection(SolutionConfigurationPlatforms) = preSolution
		Debug|Any CPU = Debug|Any CPU
		Release|Any CPU = Release|Any CPU
	EndGlobalSection
	GlobalSection(ProjectConfigurationPlatforms) = postSolution
		{F1735868-FAF2-4563-8A83-76C3F01ECB04}.Debug|Any CPU.ActiveCfg = Debug|Any CPU
		{F1735868-FAF2-4563-8A83-76C3F01ECB04}.Debug|Any CPU.Build.0 = Debug|Any CPU
		{F1735868-FAF2-4563-8A83-76C3F01ECB04}.Release|Any CPU.ActiveCfg = Release|Any CPU
		{F1735868-FAF2-4563-8A83-76C3F01ECB04}.Release|Any CPU.Build.0 = Release|Any CPU
	EndGlobalSection
	GlobalSection(SolutionProperties) = preSolution
		HideSolutionNode = FALSE
	EndGlobalSection
	GlobalSection(ExtensibilityGlobals) = postSolution
		SolutionGuid = {E36914FB-539C-4489-96D8-BB801A4D28FC}
	EndGlobalSection
EndGlobal
