
Microsoft Visual Studio Solution File, Format Version 12.00
# Visual Studio Version 17
VisualStudioVersion = 17.2.32526.322
MinimumVisualStudioVersion = 10.0.40219.1
Project("{FAE04EC0-301F-11D3-BF4B-00C04F79EFBC}") = "Activity10_2", "Activity10_2.csproj", "{396E554C-1F82-4FB7-B044-71712FA1949B}"
EndProject
Global
	GlobalSection(SolutionConfigurationPlatforms) = preSolution
		Debug|Any CPU = Debug|Any CPU
		Release|Any CPU = Release|Any CPU
	EndGlobalSection
	GlobalSection(ProjectConfigurationPlatforms) = postSolution
		{396E554C-1F82-4FB7-B044-71712FA1949B}.Debug|Any CPU.ActiveCfg = Debug|Any CPU
		{396E554C-1F82-4FB7-B044-71712FA1949B}.Debug|Any CPU.Build.0 = Debug|Any CPU
		{396E554C-1F82-4FB7-B044-71712FA1949B}.Release|Any CPU.ActiveCfg = Release|Any CPU
		{396E554C-1F82-4FB7-B044-71712FA1949B}.Release|Any CPU.Build.0 = Release|Any CPU
	EndGlobalSection
	GlobalSection(SolutionProperties) = preSolution
		HideSolutionNode = FALSE
	EndGlobalSection
	GlobalSection(ExtensibilityGlobals) = postSolution
		SolutionGuid = {D9E45B7F-3B65-485A-8347-40E78618146B}
	EndGlobalSection
EndGlobal
