
Microsoft Visual Studio Solution File, Format Version 12.00
# Visual Studio Version 17
VisualStudioVersion = 17.3.32825.248
MinimumVisualStudioVersion = 10.0.40219.1

Project("{FAE04EC0-301F-11D3-BF4B-00C04F79EFBC}") = "CSharpCorner", "CSharpCorner.csproj", "{C4AEDC40-DE9C-4200-9A64-03B8696ED7D6}"
EndProject

Global
	GlobalSection(SolutionConfigurationPlatforms) = preSolution
		Debug|Any CPU = Debug|Any CPU
		Release|Any CPU = Release|Any CPU
	EndGlobalSection
	GlobalSection(ProjectConfigurationPlatforms) = postSolution
		{C4AEDC40-DE9C-4200-9A64-03B8696ED7D6}.Debug|Any CPU.ActiveCfg = Debug|Any CPU
		{C4AEDC40-DE9C-4200-9A64-03B8696ED7D6}.Debug|Any CPU.Build.0 = Debug|Any CPU
		{C4AEDC40-DE9C-4200-9A64-03B8696ED7D6}.Release|Any CPU.ActiveCfg = Release|Any CPU
		{C4AEDC40-DE9C-4200-9A64-03B8696ED7D6}.Release|Any CPU.Build.0 = Release|Any CPU
	EndGlobalSection
	GlobalSection(SolutionProperties) = preSolution
		HideSolutionNode = FALSE
	EndGlobalSection
	GlobalSection(ExtensibilityGlobals) = postSolution
		SolutionGuid = {7D795782-3F8A-4507-92E2-E51F87C07150}
	EndGlobalSection
EndGlobal
