
Microsoft Visual Studio Solution File, Format Version 10.00
# Visual Studio 2008
Project("{FAE04EC0-301F-11D3-BF4B-00C04F79EFBC}") = "TasksInteraction", "TasksInteraction.csproj", "{3A7F6ACE-6E25-45AB-89A1-99C6EFD8F048}"
EndProject
Project("{FAE04EC0-301F-11D3-BF4B-00C04F79EFBC}") = "MVCSharpCF", "..\..\..\..\MVCSharp\Mobile\MVCSharpCF.csproj", "{CBC4E0A8-AEE7-4F67-9B40-8F4E51A37C76}"
EndProject
Global
	GlobalSection(SolutionConfigurationPlatforms) = preSolution
		Debug|Any CPU = Debug|Any CPU
		Release|Any CPU = Release|Any CPU
	EndGlobalSection
	GlobalSection(ProjectConfigurationPlatforms) = postSolution
		{3A7F6ACE-6E25-45AB-89A1-99C6EFD8F048}.Debug|Any CPU.ActiveCfg = Debug|Any CPU
		{3A7F6ACE-6E25-45AB-89A1-99C6EFD8F048}.Debug|Any CPU.Build.0 = Debug|Any CPU
		{3A7F6ACE-6E25-45AB-89A1-99C6EFD8F048}.Debug|Any CPU.Deploy.0 = Debug|Any CPU
		{3A7F6ACE-6E25-45AB-89A1-99C6EFD8F048}.Release|Any CPU.ActiveCfg = Release|Any CPU
		{3A7F6ACE-6E25-45AB-89A1-99C6EFD8F048}.Release|Any CPU.Build.0 = Release|Any CPU
		{3A7F6ACE-6E25-45AB-89A1-99C6EFD8F048}.Release|Any CPU.Deploy.0 = Release|Any CPU
		{CBC4E0A8-AEE7-4F67-9B40-8F4E51A37C76}.Debug|Any CPU.ActiveCfg = Debug|Any CPU
		{CBC4E0A8-AEE7-4F67-9B40-8F4E51A37C76}.Debug|Any CPU.Build.0 = Debug|Any CPU
		{CBC4E0A8-AEE7-4F67-9B40-8F4E51A37C76}.Release|Any CPU.ActiveCfg = Release|Any CPU
		{CBC4E0A8-AEE7-4F67-9B40-8F4E51A37C76}.Release|Any CPU.Build.0 = Release|Any CPU
	EndGlobalSection
	GlobalSection(SolutionProperties) = preSolution
		HideSolutionNode = FALSE
	EndGlobalSection
EndGlobal
