
Microsoft Visual Studio Solution File, Format Version 12.00
# Visual Studio Version 16
VisualStudioVersion = 16.0.30413.136
MinimumVisualStudioVersion = 10.0.40219.1
Project("{FAE04EC0-301F-11D3-BF4B-00C04F79EFBC}") = "FutureValue", "FutureValue\FutureValue.csproj", "{4369BF65-0332-4A96-902D-4B00A1C02FFD}"
EndProject
Global
	GlobalSection(SolutionConfigurationPlatforms) = preSolution
		Debug|Any CPU = Debug|Any CPU
		Release|Any CPU = Release|Any CPU
	EndGlobalSection
	GlobalSection(ProjectConfigurationPlatforms) = postSolution
		{4369BF65-0332-4A96-902D-4B00A1C02FFD}.Debug|Any CPU.ActiveCfg = Debug|Any CPU
		{4369BF65-0332-4A96-902D-4B00A1C02FFD}.Debug|Any CPU.Build.0 = Debug|Any CPU
		{4369BF65-0332-4A96-902D-4B00A1C02FFD}.Release|Any CPU.ActiveCfg = Release|Any CPU
		{4369BF65-0332-4A96-902D-4B00A1C02FFD}.Release|Any CPU.Build.0 = Release|Any CPU
	EndGlobalSection
	GlobalSection(SolutionProperties) = preSolution
		HideSolutionNode = FALSE
	EndGlobalSection
	GlobalSection(ExtensibilityGlobals) = postSolution
		SolutionGuid = {95523E15-2D4A-47BE-B6AD-A42D2641C7CC}
	EndGlobalSection
EndGlobal
