
Microsoft Visual Studio Solution File, Format Version 12.00
# Visual Studio Version 16
VisualStudioVersion = 16.0.31729.503
MinimumVisualStudioVersion = 10.0.40219.1
Project("{FAE04EC0-301F-11D3-BF4B-00C04F79EFBC}") = "Activity7_3", "Activity7_3.csproj", "{7E6B67E0-2919-4F14-B7ED-E998A35CB1AC}"
EndProject
Global
	GlobalSection(SolutionConfigurationPlatforms) = preSolution
		Debug|Any CPU = Debug|Any CPU
		Release|Any CPU = Release|Any CPU
	EndGlobalSection
	GlobalSection(ProjectConfigurationPlatforms) = postSolution
		{7E6B67E0-2919-4F14-B7ED-E998A35CB1AC}.Debug|Any CPU.ActiveCfg = Debug|Any CPU
		{7E6B67E0-2919-4F14-B7ED-E998A35CB1AC}.Debug|Any CPU.Build.0 = Debug|Any CPU
		{7E6B67E0-2919-4F14-B7ED-E998A35CB1AC}.Release|Any CPU.ActiveCfg = Release|Any CPU
		{7E6B67E0-2919-4F14-B7ED-E998A35CB1AC}.Release|Any CPU.Build.0 = Release|Any CPU
	EndGlobalSection
	GlobalSection(SolutionProperties) = preSolution
		HideSolutionNode = FALSE
	EndGlobalSection
	GlobalSection(ExtensibilityGlobals) = postSolution
		SolutionGuid = {7AC887BE-02C6-4336-A649-5E289F3E5434}
	EndGlobalSection
EndGlobal
